
Microsoft Visual Studio Solution File, Format Version 12.00
# Visual Studio Version 16
VisualStudioVersion = 16.0.32002.261
MinimumVisualStudioVersion = 10.0.40219.1
Project("{9A19103F-16F7-4668-BE54-9A1E7A4F7556}") = "Forbidden_Hosts", "Forbidde_Hosts\Forbidden_Hosts.csproj", "{563FD9EB-F8C0-449E-922E-8AE384448BF7}"
EndProject
Project("{9A19103F-16F7-4668-BE54-9A1E7A4F7556}") = "Forbidden_Tests", "Forbidden_Tests\Forbidden_Tests.csproj", "{8FF4734F-7638-45FF-9158-EA8E9B613292}"
EndProject
Global
	GlobalSection(SolutionConfigurationPlatforms) = preSolution
		Debug|Any CPU = Debug|Any CPU
		Release|Any CPU = Release|Any CPU
	EndGlobalSection
	GlobalSection(ProjectConfigurationPlatforms) = postSolution
		{563FD9EB-F8C0-449E-922E-8AE384448BF7}.Debug|Any CPU.ActiveCfg = Debug|Any CPU
		{563FD9EB-F8C0-449E-922E-8AE384448BF7}.Debug|Any CPU.Build.0 = Debug|Any CPU
		{563FD9EB-F8C0-449E-922E-8AE384448BF7}.Release|Any CPU.ActiveCfg = Release|Any CPU
		{563FD9EB-F8C0-449E-922E-8AE384448BF7}.Release|Any CPU.Build.0 = Release|Any CPU
		{8FF4734F-7638-45FF-9158-EA8E9B613292}.Debug|Any CPU.ActiveCfg = Debug|Any CPU
		{8FF4734F-7638-45FF-9158-EA8E9B613292}.Debug|Any CPU.Build.0 = Debug|Any CPU
		{8FF4734F-7638-45FF-9158-EA8E9B613292}.Release|Any CPU.ActiveCfg = Release|Any CPU
		{8FF4734F-7638-45FF-9158-EA8E9B613292}.Release|Any CPU.Build.0 = Release|Any CPU
	EndGlobalSection
	GlobalSection(SolutionProperties) = preSolution
		HideSolutionNode = FALSE
	EndGlobalSection
	GlobalSection(ExtensibilityGlobals) = postSolution
		SolutionGuid = {81D42FD9-10E9-4C10-B87B-712386FA412F}
	EndGlobalSection
EndGlobal
